{
  "name": "Cursor Project",
  "lockfileVersion": 3,
  "requires": true,
  "packages": {
    "": {
      "dependencies": {
        "framer-motion": "^12.23.26",
        "motion-plus": "https://api.motion.dev/registry?package=motion-plus&version=latest&token=0df16000e6ba08dfe8af8555588d4023ebcad4c041809d1072571e8cffd992c4"
      }
    },
    "node_modules/framer-motion": {
      "version": "12.23.26",
      "resolved": "https://registry.npmjs.org/framer-motion/-/framer-motion-12.23.26.tgz",
      "integrity": "sha512-cPcIhgR42xBn1Uj+PzOyheMtZ73H927+uWPDVhUMqxy8UHt6Okavb6xIz9J/phFUHUj0OncR6UvMfJTXoc/LKA==",
      "license": "MIT",
      "dependencies": {
        "motion-dom": "^12.23.23",
        "motion-utils": "^12.23.6",
        "tslib": "^2.4.0"
      },
      "peerDependencies": {
        "@emotion/is-prop-valid": "*",
        "react": "^18.0.0 || ^19.0.0",
        "react-dom": "^18.0.0 || ^19.0.0"
      },
      "peerDependenciesMeta": {
        "@emotion/is-prop-valid": {
          "optional": true
        },
        "react": {
          "optional": true
        },
        "react-dom": {
          "optional": true
        }
      }
    },
    "node_modules/motion": {
      "version": "12.23.26",
      "resolved": "https://registry.npmjs.org/motion/-/motion-12.23.26.tgz",
      "integrity": "sha512-Ll8XhVxY8LXMVYTCfme27WH2GjBrCIzY4+ndr5QKxsK+YwCtOi2B/oBi5jcIbik5doXuWT/4KKDOVAZJkeY5VQ==",
      "license": "MIT",
      "dependencies": {
        "framer-motion": "^12.23.26",
        "tslib": "^2.4.0"
      },
      "peerDependencies": {
        "@emotion/is-prop-valid": "*",
        "react": "^18.0.0 || ^19.0.0",
        "react-dom": "^18.0.0 || ^19.0.0"
      },
      "peerDependenciesMeta": {
        "@emotion/is-prop-valid": {
          "optional": true
        },
        "react": {
          "optional": true
        },
        "react-dom": {
          "optional": true
        }
      }
    },
    "node_modules/motion-dom": {
      "version": "12.23.23",
      "resolved": "https://registry.npmjs.org/motion-dom/-/motion-dom-12.23.23.tgz",
      "integrity": "sha512-n5yolOs0TQQBRUFImrRfs/+6X4p3Q4n1dUEqt/H58Vx7OW6RF+foWEgmTVDhIWJIMXOuNNL0apKH2S16en9eiA==",
      "license": "MIT",
      "dependencies": {
        "motion-utils": "^12.23.6"
      }
    },
    "node_modules/motion-plus": {
      "version": "2.0.2",
      "resolved": "https://api.motion.dev/registry?package=motion-plus&version=latest&token=0df16000e6ba08dfe8af8555588d4023ebcad4c041809d1072571e8cffd992c4",
      "integrity": "sha512-WUts2hExrnVnGSyNrXKeKJQ2NTotJIb0rzlUxCQ0JlxvIMXaClMV5AJWIVE9zd7kbXUjPdF+d/B7cDbaQW5unw==",
      "license": "MIT",
      "dependencies": {
        "motion": "^12.23.24",
        "motion-plus-dom": "^2.0.2",
        "motion-utils": "^12.23.6"
      },
      "peerDependencies": {
        "react": "^18.0.0 || ^19.0.0",
        "react-dom": "^18.0.0 || ^19.0.0"
      },
      "peerDependenciesMeta": {
        "react": {
          "optional": true
        },
        "react-dom": {
          "optional": true
        }
      }
    },
    "node_modules/motion-plus-dom": {
      "version": "2.0.2",
      "resolved": "https://registry.npmjs.org/motion-plus-dom/-/motion-plus-dom-2.0.2.tgz",
      "integrity": "sha512-0NbPge5o89jqu1ArhdSTZYj0clM1bepIMhkUrpVvXhJPg+FOwH5RWv6B+7tuYF8uOGFCFoesK+rNX1OX3B96Iw==",
      "license": "MIT",
      "dependencies": {
        "motion": "^12.23.24",
        "motion-dom": "^12.23.23",
        "motion-utils": "^12.23.6"
      }
    },
    "node_modules/motion-utils": {
      "version": "12.23.6",
      "resolved": "https://registry.npmjs.org/motion-utils/-/motion-utils-12.23.6.tgz",
      "integrity": "sha512-eAWoPgr4eFEOFfg2WjIsMoqJTW6Z8MTUCgn/GZ3VRpClWBdnbjryiA3ZSNLyxCTmCQx4RmYX6jX1iWHbenUPNQ==",
      "license": "MIT"
    },
    "node_modules/tslib": {
      "version": "2.8.1",
      "resolved": "https://registry.npmjs.org/tslib/-/tslib-2.8.1.tgz",
      "integrity": "sha512-oJFu94HQb+KVduSUQL7wnpmqnfmLsOA/nAh6b6EH0wCEoK0/mPeXU6c3wKDV83MkOuHPRHtSXKKU99IBazS/2w==",
      "license": "0BSD"
    }
  }
}
